{
  "version": 4,
  "terraform_version": "1.1.6",
  "serial": 202,
  "lineage": "fa51b4d2-7227-5fd5-aa2d-412fe09d5e89",
  "outputs": {},
  "resources": [
    {
      "module": "module.api_function",
      "mode": "data",
      "type": "archive_file",
      "name": "source",
      "provider": "provider[\"registry.terraform.io/hashicorp/archive\"]",
      "instances": [
        {
          "schema_version": 0,
          "attributes": {
            "excludes": null,
            "id": "525ae8763645185afd1b0ac79f815053b878c3f7",
            "output_base64sha256": "Yiejf/V7AsIOC3thZUrj+dkrHQnC+BoS7hRRDjRwsm0=",
            "output_file_mode": null,
            "output_md5": "41ac2b063b3d314df976fe984e0dbecb",
            "output_path": "/tmp/function-220717225830.zip",
            "output_sha": "525ae8763645185afd1b0ac79f815053b878c3f7",
            "output_size": 16095,
            "source": [],
            "source_content": null,
            "source_content_filename": null,
            "source_dir": "../dist",
            "source_file": null,
            "type": "zip"
          },
          "sensitive_attributes": []
        }
      ]
    },
    {
      "module": "module.api_function",
      "mode": "managed",
      "type": "google_storage_bucket",
      "name": "api-function-bucket",
      "provider": "provider[\"registry.terraform.io/hashicorp/google\"]",
      "instances": [
        {
          "schema_version": 0,
          "attributes": {
            "cors": [],
            "default_event_based_hold": false,
            "encryption": [],
            "force_destroy": false,
            "id": "api-function-bucket",
            "labels": {},
            "lifecycle_rule": [],
            "location": "US",
            "logging": [],
            "name": "api-function-bucket",
            "project": "spotify-application-356414",
            "requester_pays": false,
            "retention_policy": [],
            "self_link": "https://www.googleapis.com/storage/v1/b/api-function-bucket",
            "storage_class": "STANDARD",
            "timeouts": null,
            "uniform_bucket_level_access": false,
            "url": "gs://api-function-bucket",
            "versioning": [],
            "website": []
          },
          "sensitive_attributes": [],
          "private": "eyJlMmJmYjczMC1lY2FhLTExZTYtOGY4OC0zNDM2M2JjN2M0YzAiOnsiY3JlYXRlIjoyNDAwMDAwMDAwMDAsInJlYWQiOjI0MDAwMDAwMDAwMCwidXBkYXRlIjoyNDAwMDAwMDAwMDB9fQ=="
        }
      ]
    },
    {
      "module": "module.api_function",
      "mode": "managed",
      "type": "google_storage_bucket_object",
      "name": "archive",
      "provider": "provider[\"registry.terraform.io/hashicorp/google\"]",
      "instances": [
        {
          "schema_version": 0,
          "attributes": {
            "bucket": "api-function-bucket",
            "cache_control": "",
            "content": null,
            "content_disposition": "",
            "content_encoding": "",
            "content_language": "",
            "content_type": "application/zip",
            "crc32c": "RfgPcQ==",
            "customer_encryption": [],
            "detect_md5hash": "QawrBjs9MU35dv6YTg2+yw==",
            "event_based_hold": false,
            "id": "api-function-bucket-index.zip#750b1bcced4b6a7dbf26a42fa9312c20",
            "kms_key_name": "",
            "md5hash": "QawrBjs9MU35dv6YTg2+yw==",
            "media_link": "https://storage.googleapis.com/download/storage/v1/b/api-function-bucket/o/index.zip%23750b1bcced4b6a7dbf26a42fa9312c20?generation=1658098711869994\u0026alt=media",
            "metadata": null,
            "name": "index.zip#750b1bcced4b6a7dbf26a42fa9312c20",
            "output_name": "index.zip#750b1bcced4b6a7dbf26a42fa9312c20",
            "self_link": "https://www.googleapis.com/storage/v1/b/api-function-bucket/o/index.zip%23750b1bcced4b6a7dbf26a42fa9312c20",
            "source": "/tmp/function-220717225830.zip",
            "storage_class": "STANDARD",
            "temporary_hold": false,
            "timeouts": null
          },
          "sensitive_attributes": [],
          "private": "eyJlMmJmYjczMC1lY2FhLTExZTYtOGY4OC0zNDM2M2JjN2M0YzAiOnsiY3JlYXRlIjoyNDAwMDAwMDAwMDAsImRlbGV0ZSI6MjQwMDAwMDAwMDAwLCJ1cGRhdGUiOjI0MDAwMDAwMDAwMH19",
          "dependencies": [
            "module.api_function.data.archive_file.source",
            "module.api_function.google_storage_bucket.api-function-bucket"
          ]
        }
      ]
    },
    {
      "module": "module.kms",
      "mode": "managed",
      "type": "google_kms_crypto_key",
      "name": "example-key",
      "provider": "provider[\"registry.terraform.io/hashicorp/google\"]",
      "instances": [
        {
          "schema_version": 1,
          "attributes": {
            "destroy_scheduled_duration": "86400s",
            "id": "projects/spotify-application-356414/locations/global/keyRings/spotify-app-keyring/cryptoKeys/first-key",
            "import_only": false,
            "key_ring": "projects/spotify-application-356414/locations/global/keyRings/spotify-app-keyring",
            "labels": {},
            "name": "first-key",
            "purpose": "ENCRYPT_DECRYPT",
            "rotation_period": "",
            "skip_initial_version_creation": null,
            "timeouts": null,
            "version_template": [
              {
                "algorithm": "GOOGLE_SYMMETRIC_ENCRYPTION",
                "protection_level": "SOFTWARE"
              }
            ]
          },
          "sensitive_attributes": [],
          "private": "eyJlMmJmYjczMC1lY2FhLTExZTYtOGY4OC0zNDM2M2JjN2M0YzAiOnsiY3JlYXRlIjoyNDAwMDAwMDAwMDAsImRlbGV0ZSI6MjQwMDAwMDAwMDAwLCJ1cGRhdGUiOjI0MDAwMDAwMDAwMH0sInNjaGVtYV92ZXJzaW9uIjoiMSJ9",
          "dependencies": [
            "module.kms.google_kms_key_ring.keyring"
          ]
        }
      ]
    },
    {
      "module": "module.kms",
      "mode": "managed",
      "type": "google_kms_key_ring",
      "name": "keyring",
      "provider": "provider[\"registry.terraform.io/hashicorp/google\"]",
      "instances": [
        {
          "schema_version": 0,
          "attributes": {
            "id": "projects/spotify-application-356414/locations/global/keyRings/spotify-app-keyring",
            "location": "global",
            "name": "spotify-app-keyring",
            "project": "spotify-application-356414",
            "timeouts": null
          },
          "sensitive_attributes": [],
          "private": "eyJlMmJmYjczMC1lY2FhLTExZTYtOGY4OC0zNDM2M2JjN2M0YzAiOnsiY3JlYXRlIjoyNDAwMDAwMDAwMDAsImRlbGV0ZSI6MjQwMDAwMDAwMDAwfX0="
        }
      ]
    }
  ]
}
